
Microsoft Visual Studio Solution File, Format Version 12.00
# Visual Studio Version 17
VisualStudioVersion = 17.4.33213.308
MinimumVisualStudioVersion = 10.0.40219.1
Project("{FAE04EC0-301F-11D3-BF4B-00C04F79EFBC}") = "EntradaDeDados", "EntradaDeDados\EntradaDeDados.csproj", "{6CD2CBF5-E63C-4544-8E41-162602197D81}"
EndProject
Global
	GlobalSection(SolutionConfigurationPlatforms) = preSolution
		Debug|Any CPU = Debug|Any CPU
		Release|Any CPU = Release|Any CPU
	EndGlobalSection
	GlobalSection(ProjectConfigurationPlatforms) = postSolution
		{6CD2CBF5-E63C-4544-8E41-162602197D81}.Debug|Any CPU.ActiveCfg = Debug|Any CPU
		{6CD2CBF5-E63C-4544-8E41-162602197D81}.Debug|Any CPU.Build.0 = Debug|Any CPU
		{6CD2CBF5-E63C-4544-8E41-162602197D81}.Release|Any CPU.ActiveCfg = Release|Any CPU
		{6CD2CBF5-E63C-4544-8E41-162602197D81}.Release|Any CPU.Build.0 = Release|Any CPU
	EndGlobalSection
	GlobalSection(SolutionProperties) = preSolution
		HideSolutionNode = FALSE
	EndGlobalSection
	GlobalSection(ExtensibilityGlobals) = postSolution
		SolutionGuid = {87A9FE75-7E5F-4062-9B62-08C14A28ACDB}
	EndGlobalSection
EndGlobal
