
Microsoft Visual Studio Solution File, Format Version 12.00
# Visual Studio Version 17
VisualStudioVersion = 17.4.33213.308
MinimumVisualStudioVersion = 10.0.40219.1
Project("{FAE04EC0-301F-11D3-BF4B-00C04F79EFBC}") = "exercicio_uri_1012", "exercicio_uri_1012\exercicio_uri_1012.csproj", "{760261BC-9017-470A-8E05-88E6340807E8}"
EndProject
Global
	GlobalSection(SolutionConfigurationPlatforms) = preSolution
		Debug|Any CPU = Debug|Any CPU
		Release|Any CPU = Release|Any CPU
	EndGlobalSection
	GlobalSection(ProjectConfigurationPlatforms) = postSolution
		{760261BC-9017-470A-8E05-88E6340807E8}.Debug|Any CPU.ActiveCfg = Debug|Any CPU
		{760261BC-9017-470A-8E05-88E6340807E8}.Debug|Any CPU.Build.0 = Debug|Any CPU
		{760261BC-9017-470A-8E05-88E6340807E8}.Release|Any CPU.ActiveCfg = Release|Any CPU
		{760261BC-9017-470A-8E05-88E6340807E8}.Release|Any CPU.Build.0 = Release|Any CPU
	EndGlobalSection
	GlobalSection(SolutionProperties) = preSolution
		HideSolutionNode = FALSE
	EndGlobalSection
	GlobalSection(ExtensibilityGlobals) = postSolution
		SolutionGuid = {8D8EB22E-4B1A-430F-9FD6-B53C6723807A}
	EndGlobalSection
EndGlobal
