
Microsoft Visual Studio Solution File, Format Version 12.00
# Visual Studio Version 17
VisualStudioVersion = 17.4.33213.308
MinimumVisualStudioVersion = 10.0.40219.1
Project("{FAE04EC0-301F-11D3-BF4B-00C04F79EFBC}") = "exercicio_vetores_04", "exercicio_vetores_04\exercicio_vetores_04.csproj", "{61ED8A51-77CE-4BC0-B7FA-4B009354A452}"
EndProject
Global
	GlobalSection(SolutionConfigurationPlatforms) = preSolution
		Debug|Any CPU = Debug|Any CPU
		Release|Any CPU = Release|Any CPU
	EndGlobalSection
	GlobalSection(ProjectConfigurationPlatforms) = postSolution
		{61ED8A51-77CE-4BC0-B7FA-4B009354A452}.Debug|Any CPU.ActiveCfg = Debug|Any CPU
		{61ED8A51-77CE-4BC0-B7FA-4B009354A452}.Debug|Any CPU.Build.0 = Debug|Any CPU
		{61ED8A51-77CE-4BC0-B7FA-4B009354A452}.Release|Any CPU.ActiveCfg = Release|Any CPU
		{61ED8A51-77CE-4BC0-B7FA-4B009354A452}.Release|Any CPU.Build.0 = Release|Any CPU
	EndGlobalSection
	GlobalSection(SolutionProperties) = preSolution
		HideSolutionNode = FALSE
	EndGlobalSection
	GlobalSection(ExtensibilityGlobals) = postSolution
		SolutionGuid = {C150A5F1-5E9C-43BB-B3A3-366A5732E405}
	EndGlobalSection
EndGlobal
