
Microsoft Visual Studio Solution File, Format Version 12.00
# Visual Studio Version 17
VisualStudioVersion = 17.4.33213.308
MinimumVisualStudioVersion = 10.0.40219.1
Project("{FAE04EC0-301F-11D3-BF4B-00C04F79EFBC}") = "exercicio_matrizes_02", "exercicio_matrizes_02\exercicio_matrizes_02.csproj", "{AAB90F17-445F-46D3-96DC-ADC78F939DBB}"
EndProject
Global
	GlobalSection(SolutionConfigurationPlatforms) = preSolution
		Debug|Any CPU = Debug|Any CPU
		Release|Any CPU = Release|Any CPU
	EndGlobalSection
	GlobalSection(ProjectConfigurationPlatforms) = postSolution
		{AAB90F17-445F-46D3-96DC-ADC78F939DBB}.Debug|Any CPU.ActiveCfg = Debug|Any CPU
		{AAB90F17-445F-46D3-96DC-ADC78F939DBB}.Debug|Any CPU.Build.0 = Debug|Any CPU
		{AAB90F17-445F-46D3-96DC-ADC78F939DBB}.Release|Any CPU.ActiveCfg = Release|Any CPU
		{AAB90F17-445F-46D3-96DC-ADC78F939DBB}.Release|Any CPU.Build.0 = Release|Any CPU
	EndGlobalSection
	GlobalSection(SolutionProperties) = preSolution
		HideSolutionNode = FALSE
	EndGlobalSection
	GlobalSection(ExtensibilityGlobals) = postSolution
		SolutionGuid = {E28A27F6-CAE4-46E8-8D11-18701BB77092}
	EndGlobalSection
EndGlobal
