
Microsoft Visual Studio Solution File, Format Version 12.00
# Visual Studio Version 17
VisualStudioVersion = 17.4.33213.308
MinimumVisualStudioVersion = 10.0.40219.1
Project("{FAE04EC0-301F-11D3-BF4B-00C04F79EFBC}") = "exercicio_uri_1134", "exercicio_uri_1134\exercicio_uri_1134.csproj", "{DFCE3EBF-4FB7-49EA-ABB6-0C6539E9E987}"
EndProject
Global
	GlobalSection(SolutionConfigurationPlatforms) = preSolution
		Debug|Any CPU = Debug|Any CPU
		Release|Any CPU = Release|Any CPU
	EndGlobalSection
	GlobalSection(ProjectConfigurationPlatforms) = postSolution
		{DFCE3EBF-4FB7-49EA-ABB6-0C6539E9E987}.Debug|Any CPU.ActiveCfg = Debug|Any CPU
		{DFCE3EBF-4FB7-49EA-ABB6-0C6539E9E987}.Debug|Any CPU.Build.0 = Debug|Any CPU
		{DFCE3EBF-4FB7-49EA-ABB6-0C6539E9E987}.Release|Any CPU.ActiveCfg = Release|Any CPU
		{DFCE3EBF-4FB7-49EA-ABB6-0C6539E9E987}.Release|Any CPU.Build.0 = Release|Any CPU
	EndGlobalSection
	GlobalSection(SolutionProperties) = preSolution
		HideSolutionNode = FALSE
	EndGlobalSection
	GlobalSection(ExtensibilityGlobals) = postSolution
		SolutionGuid = {A072E003-8294-4E30-B3F7-7973725352B3}
	EndGlobalSection
EndGlobal
