
Microsoft Visual Studio Solution File, Format Version 12.00
# Visual Studio Version 17
VisualStudioVersion = 17.4.33213.308
MinimumVisualStudioVersion = 10.0.40219.1
Project("{FAE04EC0-301F-11D3-BF4B-00C04F79EFBC}") = "exercicio_uri_1074", "exercicio_uri_1074\exercicio_uri_1074.csproj", "{6C6524BB-882D-4D1E-8D3E-639352910126}"
EndProject
Global
	GlobalSection(SolutionConfigurationPlatforms) = preSolution
		Debug|Any CPU = Debug|Any CPU
		Release|Any CPU = Release|Any CPU
	EndGlobalSection
	GlobalSection(ProjectConfigurationPlatforms) = postSolution
		{6C6524BB-882D-4D1E-8D3E-639352910126}.Debug|Any CPU.ActiveCfg = Debug|Any CPU
		{6C6524BB-882D-4D1E-8D3E-639352910126}.Debug|Any CPU.Build.0 = Debug|Any CPU
		{6C6524BB-882D-4D1E-8D3E-639352910126}.Release|Any CPU.ActiveCfg = Release|Any CPU
		{6C6524BB-882D-4D1E-8D3E-639352910126}.Release|Any CPU.Build.0 = Release|Any CPU
	EndGlobalSection
	GlobalSection(SolutionProperties) = preSolution
		HideSolutionNode = FALSE
	EndGlobalSection
	GlobalSection(ExtensibilityGlobals) = postSolution
		SolutionGuid = {E1257294-10DD-4AAA-B685-C12E1E654633}
	EndGlobalSection
EndGlobal
