
Microsoft Visual Studio Solution File, Format Version 12.00
# Visual Studio Version 17
VisualStudioVersion = 17.4.33213.308
MinimumVisualStudioVersion = 10.0.40219.1
Project("{FAE04EC0-301F-11D3-BF4B-00C04F79EFBC}") = "exercicio_uri_1067", "exercicio_uri_1067\exercicio_uri_1067.csproj", "{158A6C51-4495-4D17-881D-B4717D8027C3}"
EndProject
Global
	GlobalSection(SolutionConfigurationPlatforms) = preSolution
		Debug|Any CPU = Debug|Any CPU
		Release|Any CPU = Release|Any CPU
	EndGlobalSection
	GlobalSection(ProjectConfigurationPlatforms) = postSolution
		{158A6C51-4495-4D17-881D-B4717D8027C3}.Debug|Any CPU.ActiveCfg = Debug|Any CPU
		{158A6C51-4495-4D17-881D-B4717D8027C3}.Debug|Any CPU.Build.0 = Debug|Any CPU
		{158A6C51-4495-4D17-881D-B4717D8027C3}.Release|Any CPU.ActiveCfg = Release|Any CPU
		{158A6C51-4495-4D17-881D-B4717D8027C3}.Release|Any CPU.Build.0 = Release|Any CPU
	EndGlobalSection
	GlobalSection(SolutionProperties) = preSolution
		HideSolutionNode = FALSE
	EndGlobalSection
	GlobalSection(ExtensibilityGlobals) = postSolution
		SolutionGuid = {2D043ACB-654B-4488-9ED9-2724B52460F5}
	EndGlobalSection
EndGlobal
