
Microsoft Visual Studio Solution File, Format Version 12.00
# Visual Studio Version 17
VisualStudioVersion = 17.4.33213.308
MinimumVisualStudioVersion = 10.0.40219.1
Project("{FAE04EC0-301F-11D3-BF4B-00C04F79EFBC}") = "exercicio_uri_1079", "exercicio_uri_1079\exercicio_uri_1079.csproj", "{FC38C923-B8B9-405F-96F9-4AEF566036AD}"
EndProject
Global
	GlobalSection(SolutionConfigurationPlatforms) = preSolution
		Debug|Any CPU = Debug|Any CPU
		Release|Any CPU = Release|Any CPU
	EndGlobalSection
	GlobalSection(ProjectConfigurationPlatforms) = postSolution
		{FC38C923-B8B9-405F-96F9-4AEF566036AD}.Debug|Any CPU.ActiveCfg = Debug|Any CPU
		{FC38C923-B8B9-405F-96F9-4AEF566036AD}.Debug|Any CPU.Build.0 = Debug|Any CPU
		{FC38C923-B8B9-405F-96F9-4AEF566036AD}.Release|Any CPU.ActiveCfg = Release|Any CPU
		{FC38C923-B8B9-405F-96F9-4AEF566036AD}.Release|Any CPU.Build.0 = Release|Any CPU
	EndGlobalSection
	GlobalSection(SolutionProperties) = preSolution
		HideSolutionNode = FALSE
	EndGlobalSection
	GlobalSection(ExtensibilityGlobals) = postSolution
		SolutionGuid = {C7AA89BE-FC3E-4515-A24B-549D052C99FC}
	EndGlobalSection
EndGlobal
