
Microsoft Visual Studio Solution File, Format Version 12.00
# Visual Studio Version 17
VisualStudioVersion = 17.4.33213.308
MinimumVisualStudioVersion = 10.0.40219.1
Project("{FAE04EC0-301F-11D3-BF4B-00C04F79EFBC}") = "exercicio_uri_1001", "exercicio_uri_1001\exercicio_uri_1001.csproj", "{7BBB21BF-160E-40BE-8CD7-9610AAD55739}"
EndProject
Global
	GlobalSection(SolutionConfigurationPlatforms) = preSolution
		Debug|Any CPU = Debug|Any CPU
		Release|Any CPU = Release|Any CPU
	EndGlobalSection
	GlobalSection(ProjectConfigurationPlatforms) = postSolution
		{7BBB21BF-160E-40BE-8CD7-9610AAD55739}.Debug|Any CPU.ActiveCfg = Debug|Any CPU
		{7BBB21BF-160E-40BE-8CD7-9610AAD55739}.Debug|Any CPU.Build.0 = Debug|Any CPU
		{7BBB21BF-160E-40BE-8CD7-9610AAD55739}.Release|Any CPU.ActiveCfg = Release|Any CPU
		{7BBB21BF-160E-40BE-8CD7-9610AAD55739}.Release|Any CPU.Build.0 = Release|Any CPU
	EndGlobalSection
	GlobalSection(SolutionProperties) = preSolution
		HideSolutionNode = FALSE
	EndGlobalSection
	GlobalSection(ExtensibilityGlobals) = postSolution
		SolutionGuid = {7DC2D6D7-C85C-49E7-9E95-86B0732CFF38}
	EndGlobalSection
EndGlobal
