
Microsoft Visual Studio Solution File, Format Version 12.00
# Visual Studio Version 17
VisualStudioVersion = 17.4.33213.308
MinimumVisualStudioVersion = 10.0.40219.1
Project("{FAE04EC0-301F-11D3-BF4B-00C04F79EFBC}") = "exercicio_uri_1051", "exercicio_uri_1051\exercicio_uri_1051.csproj", "{4C52B2C7-0CD4-4310-85CD-CDE543AE79B5}"
EndProject
Global
	GlobalSection(SolutionConfigurationPlatforms) = preSolution
		Debug|Any CPU = Debug|Any CPU
		Release|Any CPU = Release|Any CPU
	EndGlobalSection
	GlobalSection(ProjectConfigurationPlatforms) = postSolution
		{4C52B2C7-0CD4-4310-85CD-CDE543AE79B5}.Debug|Any CPU.ActiveCfg = Debug|Any CPU
		{4C52B2C7-0CD4-4310-85CD-CDE543AE79B5}.Debug|Any CPU.Build.0 = Debug|Any CPU
		{4C52B2C7-0CD4-4310-85CD-CDE543AE79B5}.Release|Any CPU.ActiveCfg = Release|Any CPU
		{4C52B2C7-0CD4-4310-85CD-CDE543AE79B5}.Release|Any CPU.Build.0 = Release|Any CPU
	EndGlobalSection
	GlobalSection(SolutionProperties) = preSolution
		HideSolutionNode = FALSE
	EndGlobalSection
	GlobalSection(ExtensibilityGlobals) = postSolution
		SolutionGuid = {87F1B42E-244C-467D-A317-BDAE8F6762F8}
	EndGlobalSection
EndGlobal
