
Microsoft Visual Studio Solution File, Format Version 12.00
# Visual Studio Version 17
VisualStudioVersion = 17.4.33213.308
MinimumVisualStudioVersion = 10.0.40219.1
Project("{FAE04EC0-301F-11D3-BF4B-00C04F79EFBC}") = "exercicio_vetores_08", "exercicio_vetores_08\exercicio_vetores_08.csproj", "{B8A9A67F-35AF-4C48-8DEB-EB97B419491C}"
EndProject
Global
	GlobalSection(SolutionConfigurationPlatforms) = preSolution
		Debug|Any CPU = Debug|Any CPU
		Release|Any CPU = Release|Any CPU
	EndGlobalSection
	GlobalSection(ProjectConfigurationPlatforms) = postSolution
		{B8A9A67F-35AF-4C48-8DEB-EB97B419491C}.Debug|Any CPU.ActiveCfg = Debug|Any CPU
		{B8A9A67F-35AF-4C48-8DEB-EB97B419491C}.Debug|Any CPU.Build.0 = Debug|Any CPU
		{B8A9A67F-35AF-4C48-8DEB-EB97B419491C}.Release|Any CPU.ActiveCfg = Release|Any CPU
		{B8A9A67F-35AF-4C48-8DEB-EB97B419491C}.Release|Any CPU.Build.0 = Release|Any CPU
	EndGlobalSection
	GlobalSection(SolutionProperties) = preSolution
		HideSolutionNode = FALSE
	EndGlobalSection
	GlobalSection(ExtensibilityGlobals) = postSolution
		SolutionGuid = {D308A30F-76FE-472F-BD92-B31ED3A7145E}
	EndGlobalSection
EndGlobal
