
Microsoft Visual Studio Solution File, Format Version 12.00
# Visual Studio Version 17
VisualStudioVersion = 17.4.33213.308
MinimumVisualStudioVersion = 10.0.40219.1
Project("{FAE04EC0-301F-11D3-BF4B-00C04F79EFBC}") = "exercicio_uri_1114", "exercicio_uri_1114\exercicio_uri_1114.csproj", "{CC100040-1280-4935-93DE-AD6BE0566E30}"
EndProject
Global
	GlobalSection(SolutionConfigurationPlatforms) = preSolution
		Debug|Any CPU = Debug|Any CPU
		Release|Any CPU = Release|Any CPU
	EndGlobalSection
	GlobalSection(ProjectConfigurationPlatforms) = postSolution
		{CC100040-1280-4935-93DE-AD6BE0566E30}.Debug|Any CPU.ActiveCfg = Debug|Any CPU
		{CC100040-1280-4935-93DE-AD6BE0566E30}.Debug|Any CPU.Build.0 = Debug|Any CPU
		{CC100040-1280-4935-93DE-AD6BE0566E30}.Release|Any CPU.ActiveCfg = Release|Any CPU
		{CC100040-1280-4935-93DE-AD6BE0566E30}.Release|Any CPU.Build.0 = Release|Any CPU
	EndGlobalSection
	GlobalSection(SolutionProperties) = preSolution
		HideSolutionNode = FALSE
	EndGlobalSection
	GlobalSection(ExtensibilityGlobals) = postSolution
		SolutionGuid = {10E05D3C-090C-4876-BC06-FC74428542D1}
	EndGlobalSection
EndGlobal
