
Microsoft Visual Studio Solution File, Format Version 12.00
# Visual Studio Version 17
VisualStudioVersion = 17.4.33213.308
MinimumVisualStudioVersion = 10.0.40219.1
Project("{FAE04EC0-301F-11D3-BF4B-00C04F79EFBC}") = "exercicio_uri_1041", "exercicio_uri_1041\exercicio_uri_1041.csproj", "{55C0D1CF-26FE-45B2-82A8-9040B4EC6E7A}"
EndProject
Global
	GlobalSection(SolutionConfigurationPlatforms) = preSolution
		Debug|Any CPU = Debug|Any CPU
		Release|Any CPU = Release|Any CPU
	EndGlobalSection
	GlobalSection(ProjectConfigurationPlatforms) = postSolution
		{55C0D1CF-26FE-45B2-82A8-9040B4EC6E7A}.Debug|Any CPU.ActiveCfg = Debug|Any CPU
		{55C0D1CF-26FE-45B2-82A8-9040B4EC6E7A}.Debug|Any CPU.Build.0 = Debug|Any CPU
		{55C0D1CF-26FE-45B2-82A8-9040B4EC6E7A}.Release|Any CPU.ActiveCfg = Release|Any CPU
		{55C0D1CF-26FE-45B2-82A8-9040B4EC6E7A}.Release|Any CPU.Build.0 = Release|Any CPU
	EndGlobalSection
	GlobalSection(SolutionProperties) = preSolution
		HideSolutionNode = FALSE
	EndGlobalSection
	GlobalSection(ExtensibilityGlobals) = postSolution
		SolutionGuid = {B58FACC7-3C3B-4878-9910-EAE3A99EA107}
	EndGlobalSection
EndGlobal
