
Microsoft Visual Studio Solution File, Format Version 12.00
# Visual Studio Version 17
VisualStudioVersion = 17.4.33213.308
MinimumVisualStudioVersion = 10.0.40219.1
Project("{FAE04EC0-301F-11D3-BF4B-00C04F79EFBC}") = "exercicio_resolvido_vetores_02", "exercicio_resolvido_vetores_02\exercicio_resolvido_vetores_02.csproj", "{5222FF39-C413-43C5-97F7-36BC30EBCE98}"
EndProject
Global
	GlobalSection(SolutionConfigurationPlatforms) = preSolution
		Debug|Any CPU = Debug|Any CPU
		Release|Any CPU = Release|Any CPU
	EndGlobalSection
	GlobalSection(ProjectConfigurationPlatforms) = postSolution
		{5222FF39-C413-43C5-97F7-36BC30EBCE98}.Debug|Any CPU.ActiveCfg = Debug|Any CPU
		{5222FF39-C413-43C5-97F7-36BC30EBCE98}.Debug|Any CPU.Build.0 = Debug|Any CPU
		{5222FF39-C413-43C5-97F7-36BC30EBCE98}.Release|Any CPU.ActiveCfg = Release|Any CPU
		{5222FF39-C413-43C5-97F7-36BC30EBCE98}.Release|Any CPU.Build.0 = Release|Any CPU
	EndGlobalSection
	GlobalSection(SolutionProperties) = preSolution
		HideSolutionNode = FALSE
	EndGlobalSection
	GlobalSection(ExtensibilityGlobals) = postSolution
		SolutionGuid = {D99BE53D-CFB6-45C2-8903-037522D86F62}
	EndGlobalSection
EndGlobal
