
Microsoft Visual Studio Solution File, Format Version 12.00
# Visual Studio Version 17
VisualStudioVersion = 17.4.33213.308
MinimumVisualStudioVersion = 10.0.40219.1
Project("{FAE04EC0-301F-11D3-BF4B-00C04F79EFBC}") = "exercicio_uri_1005", "exercicio_uri_1005\exercicio_uri_1005.csproj", "{FA99CB1D-9C82-4CE9-99DE-06C93CE40726}"
EndProject
Global
	GlobalSection(SolutionConfigurationPlatforms) = preSolution
		Debug|Any CPU = Debug|Any CPU
		Release|Any CPU = Release|Any CPU
	EndGlobalSection
	GlobalSection(ProjectConfigurationPlatforms) = postSolution
		{FA99CB1D-9C82-4CE9-99DE-06C93CE40726}.Debug|Any CPU.ActiveCfg = Debug|Any CPU
		{FA99CB1D-9C82-4CE9-99DE-06C93CE40726}.Debug|Any CPU.Build.0 = Debug|Any CPU
		{FA99CB1D-9C82-4CE9-99DE-06C93CE40726}.Release|Any CPU.ActiveCfg = Release|Any CPU
		{FA99CB1D-9C82-4CE9-99DE-06C93CE40726}.Release|Any CPU.Build.0 = Release|Any CPU
	EndGlobalSection
	GlobalSection(SolutionProperties) = preSolution
		HideSolutionNode = FALSE
	EndGlobalSection
	GlobalSection(ExtensibilityGlobals) = postSolution
		SolutionGuid = {1383B876-5ED1-42F8-921A-1FFE6C34A253}
	EndGlobalSection
EndGlobal
